
Microsoft Visual Studio Solution File, Format Version 12.00
# Visual Studio Version 17
VisualStudioVersion = 17.3.32929.385
MinimumVisualStudioVersion = 10.0.40219.1
Project("{FAE04EC0-301F-11D3-BF4B-00C04F79EFBC}") = "Northwind_Newsletter_Moiz_Jamalia", "Northwind_Newsletter_Moiz_Jamalia\Northwind_Newsletter_Moiz_Jamalia.csproj", "{F8D86CEE-8A86-4975-B55B-93B270C68B9B}"
EndProject
Global
	GlobalSection(SolutionConfigurationPlatforms) = preSolution
		Debug|Any CPU = Debug|Any CPU
		Release|Any CPU = Release|Any CPU
	EndGlobalSection
	GlobalSection(ProjectConfigurationPlatforms) = postSolution
		{F8D86CEE-8A86-4975-B55B-93B270C68B9B}.Debug|Any CPU.ActiveCfg = Debug|Any CPU
		{F8D86CEE-8A86-4975-B55B-93B270C68B9B}.Debug|Any CPU.Build.0 = Debug|Any CPU
		{F8D86CEE-8A86-4975-B55B-93B270C68B9B}.Release|Any CPU.ActiveCfg = Release|Any CPU
		{F8D86CEE-8A86-4975-B55B-93B270C68B9B}.Release|Any CPU.Build.0 = Release|Any CPU
	EndGlobalSection
	GlobalSection(SolutionProperties) = preSolution
		HideSolutionNode = FALSE
	EndGlobalSection
	GlobalSection(ExtensibilityGlobals) = postSolution
		SolutionGuid = {7AEBED6D-A9A2-4698-A61D-4CF4A28DC946}
	EndGlobalSection
EndGlobal
